
Microsoft Visual Studio Solution File, Format Version 12.00
# Visual Studio Version 17
VisualStudioVersion = 17.10.35122.118
MinimumVisualStudioVersion = 10.0.40219.1
Project("{FAE04EC0-301F-11D3-BF4B-00C04F79EFBC}") = "Counter web project", "Counter web project\Counter web project.csproj", "{57300787-D1E3-40FF-B4A5-4C8E47520B25}"
EndProject
Global
	GlobalSection(SolutionConfigurationPlatforms) = preSolution
		Debug|Any CPU = Debug|Any CPU
		Release|Any CPU = Release|Any CPU
	EndGlobalSection
	GlobalSection(ProjectConfigurationPlatforms) = postSolution
		{57300787-D1E3-40FF-B4A5-4C8E47520B25}.Debug|Any CPU.ActiveCfg = Debug|Any CPU
		{57300787-D1E3-40FF-B4A5-4C8E47520B25}.Debug|Any CPU.Build.0 = Debug|Any CPU
		{57300787-D1E3-40FF-B4A5-4C8E47520B25}.Release|Any CPU.ActiveCfg = Release|Any CPU
		{57300787-D1E3-40FF-B4A5-4C8E47520B25}.Release|Any CPU.Build.0 = Release|Any CPU
	EndGlobalSection
	GlobalSection(SolutionProperties) = preSolution
		HideSolutionNode = FALSE
	EndGlobalSection
	GlobalSection(ExtensibilityGlobals) = postSolution
		SolutionGuid = {154FD881-649F-46D9-8BD0-A1C87AB35B80}
	EndGlobalSection
EndGlobal
